// !$*UTF8*$!
{
	archiveVersion = 1;
	classes = {
	};
	objectVersion = 56;
	objects = {

/* Begin PBXBuildFile section */
		100D8D9F2A6E796500E38839 /* RickAndMortyApp.swift in Sources */ = {isa = PBXBuildFile; fileRef = 100D8D9E2A6E796500E38839 /* RickAndMortyApp.swift */; };
		100D8DA12A6E796500E38839 /* ContentView.swift in Sources */ = {isa = PBXBuildFile; fileRef = 100D8DA02A6E796500E38839 /* ContentView.swift */; };
		100D8DA32A6E796700E38839 /* Assets.xcassets in Resources */ = {isa = PBXBuildFile; fileRef = 100D8DA22A6E796700E38839 /* Assets.xcassets */; };
		100D8DA62A6E796700E38839 /* Preview Assets.xcassets in Resources */ = {isa = PBXBuildFile; fileRef = 100D8DA52A6E796700E38839 /* Preview Assets.xcassets */; };
		100D8DB02A6E801700E38839 /* AppView.swift in Sources */ = {isa = PBXBuildFile; fileRef = 100D8DAF2A6E801700E38839 /* AppView.swift */; };
		100D8DB42A6E819100E38839 /* EpisodesView.swift in Sources */ = {isa = PBXBuildFile; fileRef = 100D8DB32A6E819100E38839 /* EpisodesView.swift */; };
		100D8DB62A6E81A400E38839 /* AliveCharactersView.swift in Sources */ = {isa = PBXBuildFile; fileRef = 100D8DB52A6E81A400E38839 /* AliveCharactersView.swift */; };
		100D8DB82A6E81B900E38839 /* DeadCharactersView.swift in Sources */ = {isa = PBXBuildFile; fileRef = 100D8DB72A6E81B900E38839 /* DeadCharactersView.swift */; };
		100D8DBC2A6E883A00E38839 /* ImageLoader.swift in Sources */ = {isa = PBXBuildFile; fileRef = 100D8DBB2A6E883A00E38839 /* ImageLoader.swift */; };
		100D8DBE2A6E8FD400E38839 /* NetworkManager.swift in Sources */ = {isa = PBXBuildFile; fileRef = 100D8DBD2A6E8FD400E38839 /* NetworkManager.swift */; };
		100D8DC02A6E9BDD00E38839 /* ColorExtension.swift in Sources */ = {isa = PBXBuildFile; fileRef = 100D8DBF2A6E9BDD00E38839 /* ColorExtension.swift */; };
		100D8DC72A6E9E7500E38839 /* CharacterCardBackground.swift in Sources */ = {isa = PBXBuildFile; fileRef = 100D8DC62A6E9E7500E38839 /* CharacterCardBackground.swift */; };
		100D8DC92A6E9E9E00E38839 /* CharacterCardView.swift in Sources */ = {isa = PBXBuildFile; fileRef = 100D8DC82A6E9E9E00E38839 /* CharacterCardView.swift */; };
		100D8DCB2A6E9ED100E38839 /* CustomButtonView.swift in Sources */ = {isa = PBXBuildFile; fileRef = 100D8DCA2A6E9ED100E38839 /* CustomButtonView.swift */; };
		100D8DCE2A6EB0AA00E38839 /* HeaderTextModifier.swift in Sources */ = {isa = PBXBuildFile; fileRef = 100D8DCD2A6EB0AA00E38839 /* HeaderTextModifier.swift */; };
		100D8DD02A6EB0D200E38839 /* CenterModifier.swift in Sources */ = {isa = PBXBuildFile; fileRef = 100D8DCF2A6EB0D200E38839 /* CenterModifier.swift */; };
		100D8DD22A6EB17400E38839 /* DescriptionTextModifier.swift in Sources */ = {isa = PBXBuildFile; fileRef = 100D8DD12A6EB17400E38839 /* DescriptionTextModifier.swift */; };
		100D8DD62A6EB2F900E38839 /* EpisodeListRow.swift in Sources */ = {isa = PBXBuildFile; fileRef = 100D8DD52A6EB2F900E38839 /* EpisodeListRow.swift */; };
		100D8DD92A6EC0A100E38839 /* Episodes.swift in Sources */ = {isa = PBXBuildFile; fileRef = 100D8DD82A6EC0A100E38839 /* Episodes.swift */; };
		100D8DDB2A6EC0B900E38839 /* Characters.swift in Sources */ = {isa = PBXBuildFile; fileRef = 100D8DDA2A6EC0B900E38839 /* Characters.swift */; };
		100D8DDD2A6EC64F00E38839 /* EpisodeDetailView.swift in Sources */ = {isa = PBXBuildFile; fileRef = 100D8DDC2A6EC64F00E38839 /* EpisodeDetailView.swift */; };
		100D8DE22A6FB3B100E38839 /* ViewModel.swift in Sources */ = {isa = PBXBuildFile; fileRef = 100D8DE12A6FB3B100E38839 /* ViewModel.swift */; };
		100D8DE62A6FBF1400E38839 /* Results.swift in Sources */ = {isa = PBXBuildFile; fileRef = 100D8DE52A6FBF1400E38839 /* Results.swift */; };
		100D8DE82A6FD2D200E38839 /* CharacterDetailView.swift in Sources */ = {isa = PBXBuildFile; fileRef = 100D8DE72A6FD2D200E38839 /* CharacterDetailView.swift */; };
		100D8DEA2A6FDA4700E38839 /* BoldTextModifier.swift in Sources */ = {isa = PBXBuildFile; fileRef = 100D8DE92A6FDA4700E38839 /* BoldTextModifier.swift */; };
		100D8DEC2A6FDCA100E38839 /* HeadlineTextModifier.swift in Sources */ = {isa = PBXBuildFile; fileRef = 100D8DEB2A6FDCA100E38839 /* HeadlineTextModifier.swift */; };
		100D8DEE2A6FE10600E38839 /* SampleData.swift in Sources */ = {isa = PBXBuildFile; fileRef = 100D8DED2A6FE10600E38839 /* SampleData.swift */; };
		100D8DF02A6FE94100E38839 /* Router.swift in Sources */ = {isa = PBXBuildFile; fileRef = 100D8DEF2A6FE94100E38839 /* Router.swift */; };
		100D8DF22A70041700E38839 /* CustomNavigationBar.swift in Sources */ = {isa = PBXBuildFile; fileRef = 100D8DF12A70041700E38839 /* CustomNavigationBar.swift */; };
		100D8DF42A70047600E38839 /* CustomNavigationBarHeader.swift in Sources */ = {isa = PBXBuildFile; fileRef = 100D8DF32A70047600E38839 /* CustomNavigationBarHeader.swift */; };
		100D8DF62A71041900E38839 /* CustomAdaptiveBackground.swift in Sources */ = {isa = PBXBuildFile; fileRef = 100D8DF52A71041900E38839 /* CustomAdaptiveBackground.swift */; };
		105A99162A71257100C83A99 /* Date+Utils.swift in Sources */ = {isa = PBXBuildFile; fileRef = 105A99152A71257100C83A99 /* Date+Utils.swift */; };
		105A991A2A71343F00C83A99 /* IconModifier.swift in Sources */ = {isa = PBXBuildFile; fileRef = 105A99192A71343F00C83A99 /* IconModifier.swift */; };
		105A991C2A71348400C83A99 /* CharacterDetailGrid.swift in Sources */ = {isa = PBXBuildFile; fileRef = 105A991B2A71348400C83A99 /* CharacterDetailGrid.swift */; };
		105A991E2A713C4A00C83A99 /* NavigationBarStyleModifier.swift in Sources */ = {isa = PBXBuildFile; fileRef = 105A991D2A713C4A00C83A99 /* NavigationBarStyleModifier.swift */; };
		105A99322A714A9100C83A99 /* NetworkManagerTests.swift in Sources */ = {isa = PBXBuildFile; fileRef = 105A99312A714A9100C83A99 /* NetworkManagerTests.swift */; };
		105A99342A714AA400C83A99 /* CharactersTests.swift in Sources */ = {isa = PBXBuildFile; fileRef = 105A99332A714AA400C83A99 /* CharactersTests.swift */; };
		105A99362A714AB700C83A99 /* EpisodesTests.swift in Sources */ = {isa = PBXBuildFile; fileRef = 105A99352A714AB700C83A99 /* EpisodesTests.swift */; };
		105A993A2A715DBC00C83A99 /* ErrorHandling.swift in Sources */ = {isa = PBXBuildFile; fileRef = 105A99392A715DBC00C83A99 /* ErrorHandling.swift */; };
		105A993C2A7162BB00C83A99 /* CreditsView.swift in Sources */ = {isa = PBXBuildFile; fileRef = 105A993B2A7162BB00C83A99 /* CreditsView.swift */; };
/* End PBXBuildFile section */

/* Begin PBXContainerItemProxy section */
		105A99292A71462200C83A99 /* PBXContainerItemProxy */ = {
			isa = PBXContainerItemProxy;
			containerPortal = 100D8D932A6E796500E38839 /* Project object */;
			proxyType = 1;
			remoteGlobalIDString = 100D8D9A2A6E796500E38839;
			remoteInfo = RickAndMorty;
		};
/* End PBXContainerItemProxy section */

/* Begin PBXFileReference section */
		100D8D9B2A6E796500E38839 /* RickAndMorty.app */ = {isa = PBXFileReference; explicitFileType = wrapper.application; includeInIndex = 0; path = RickAndMorty.app; sourceTree = BUILT_PRODUCTS_DIR; };
		100D8D9E2A6E796500E38839 /* RickAndMortyApp.swift */ = {isa = PBXFileReference; lastKnownFileType = sourcecode.swift; path = RickAndMortyApp.swift; sourceTree = "<group>"; };
		100D8DA02A6E796500E38839 /* ContentView.swift */ = {isa = PBXFileReference; lastKnownFileType = sourcecode.swift; path = ContentView.swift; sourceTree = "<group>"; };
		100D8DA22A6E796700E38839 /* Assets.xcassets */ = {isa = PBXFileReference; lastKnownFileType = folder.assetcatalog; path = Assets.xcassets; sourceTree = "<group>"; };
		100D8DA52A6E796700E38839 /* Preview Assets.xcassets */ = {isa = PBXFileReference; lastKnownFileType = folder.assetcatalog; path = "Preview Assets.xcassets"; sourceTree = "<group>"; };
		100D8DAF2A6E801700E38839 /* AppView.swift */ = {isa = PBXFileReference; lastKnownFileType = sourcecode.swift; path = AppView.swift; sourceTree = "<group>"; };
		100D8DB32A6E819100E38839 /* EpisodesView.swift */ = {isa = PBXFileReference; lastKnownFileType = sourcecode.swift; path = EpisodesView.swift; sourceTree = "<group>"; };
		100D8DB52A6E81A400E38839 /* AliveCharactersView.swift */ = {isa = PBXFileReference; lastKnownFileType = sourcecode.swift; path = AliveCharactersView.swift; sourceTree = "<group>"; };
		100D8DB72A6E81B900E38839 /* DeadCharactersView.swift */ = {isa = PBXFileReference; lastKnownFileType = sourcecode.swift; path = DeadCharactersView.swift; sourceTree = "<group>"; };
		100D8DBB2A6E883A00E38839 /* ImageLoader.swift */ = {isa = PBXFileReference; lastKnownFileType = sourcecode.swift; path = ImageLoader.swift; sourceTree = "<group>"; };
		100D8DBD2A6E8FD400E38839 /* NetworkManager.swift */ = {isa = PBXFileReference; lastKnownFileType = sourcecode.swift; path = NetworkManager.swift; sourceTree = "<group>"; };
		100D8DBF2A6E9BDD00E38839 /* ColorExtension.swift */ = {isa = PBXFileReference; lastKnownFileType = sourcecode.swift; path = ColorExtension.swift; sourceTree = "<group>"; };
		100D8DC62A6E9E7500E38839 /* CharacterCardBackground.swift */ = {isa = PBXFileReference; lastKnownFileType = sourcecode.swift; path = CharacterCardBackground.swift; sourceTree = "<group>"; };
		100D8DC82A6E9E9E00E38839 /* CharacterCardView.swift */ = {isa = PBXFileReference; lastKnownFileType = sourcecode.swift; path = CharacterCardView.swift; sourceTree = "<group>"; };
		100D8DCA2A6E9ED100E38839 /* CustomButtonView.swift */ = {isa = PBXFileReference; lastKnownFileType = sourcecode.swift; path = CustomButtonView.swift; sourceTree = "<group>"; };
		100D8DCD2A6EB0AA00E38839 /* HeaderTextModifier.swift */ = {isa = PBXFileReference; lastKnownFileType = sourcecode.swift; path = HeaderTextModifier.swift; sourceTree = "<group>"; };
		100D8DCF2A6EB0D200E38839 /* CenterModifier.swift */ = {isa = PBXFileReference; lastKnownFileType = sourcecode.swift; path = CenterModifier.swift; sourceTree = "<group>"; };
		100D8DD12A6EB17400E38839 /* DescriptionTextModifier.swift */ = {isa = PBXFileReference; lastKnownFileType = sourcecode.swift; path = DescriptionTextModifier.swift; sourceTree = "<group>"; };
		100D8DD52A6EB2F900E38839 /* EpisodeListRow.swift */ = {isa = PBXFileReference; lastKnownFileType = sourcecode.swift; path = EpisodeListRow.swift; sourceTree = "<group>"; };
		100D8DD82A6EC0A100E38839 /* Episodes.swift */ = {isa = PBXFileReference; lastKnownFileType = sourcecode.swift; path = Episodes.swift; sourceTree = "<group>"; };
		100D8DDA2A6EC0B900E38839 /* Characters.swift */ = {isa = PBXFileReference; lastKnownFileType = sourcecode.swift; path = Characters.swift; sourceTree = "<group>"; };
		100D8DDC2A6EC64F00E38839 /* EpisodeDetailView.swift */ = {isa = PBXFileReference; lastKnownFileType = sourcecode.swift; path = EpisodeDetailView.swift; sourceTree = "<group>"; };
		100D8DE12A6FB3B100E38839 /* ViewModel.swift */ = {isa = PBXFileReference; lastKnownFileType = sourcecode.swift; path = ViewModel.swift; sourceTree = "<group>"; };
		100D8DE52A6FBF1400E38839 /* Results.swift */ = {isa = PBXFileReference; lastKnownFileType = sourcecode.swift; path = Results.swift; sourceTree = "<group>"; };
		100D8DE72A6FD2D200E38839 /* CharacterDetailView.swift */ = {isa = PBXFileReference; lastKnownFileType = sourcecode.swift; path = CharacterDetailView.swift; sourceTree = "<group>"; };
		100D8DE92A6FDA4700E38839 /* BoldTextModifier.swift */ = {isa = PBXFileReference; lastKnownFileType = sourcecode.swift; path = BoldTextModifier.swift; sourceTree = "<group>"; };
		100D8DEB2A6FDCA100E38839 /* HeadlineTextModifier.swift */ = {isa = PBXFileReference; lastKnownFileType = sourcecode.swift; path = HeadlineTextModifier.swift; sourceTree = "<group>"; };
		100D8DED2A6FE10600E38839 /* SampleData.swift */ = {isa = PBXFileReference; lastKnownFileType = sourcecode.swift; path = SampleData.swift; sourceTree = "<group>"; };
		100D8DEF2A6FE94100E38839 /* Router.swift */ = {isa = PBXFileReference; lastKnownFileType = sourcecode.swift; path = Router.swift; sourceTree = "<group>"; };
		100D8DF12A70041700E38839 /* CustomNavigationBar.swift */ = {isa = PBXFileReference; lastKnownFileType = sourcecode.swift; path = CustomNavigationBar.swift; sourceTree = "<group>"; };
		100D8DF32A70047600E38839 /* CustomNavigationBarHeader.swift */ = {isa = PBXFileReference; lastKnownFileType = sourcecode.swift; path = CustomNavigationBarHeader.swift; sourceTree = "<group>"; };
		100D8DF52A71041900E38839 /* CustomAdaptiveBackground.swift */ = {isa = PBXFileReference; lastKnownFileType = sourcecode.swift; path = CustomAdaptiveBackground.swift; sourceTree = "<group>"; };
		105A99152A71257100C83A99 /* Date+Utils.swift */ = {isa = PBXFileReference; lastKnownFileType = sourcecode.swift; path = "Date+Utils.swift"; sourceTree = "<group>"; };
		105A99192A71343F00C83A99 /* IconModifier.swift */ = {isa = PBXFileReference; lastKnownFileType = sourcecode.swift; path = IconModifier.swift; sourceTree = "<group>"; };
		105A991B2A71348400C83A99 /* CharacterDetailGrid.swift */ = {isa = PBXFileReference; lastKnownFileType = sourcecode.swift; path = CharacterDetailGrid.swift; sourceTree = "<group>"; };
		105A991D2A713C4A00C83A99 /* NavigationBarStyleModifier.swift */ = {isa = PBXFileReference; lastKnownFileType = sourcecode.swift; path = NavigationBarStyleModifier.swift; sourceTree = "<group>"; };
		105A99252A71462200C83A99 /* RickAndMortyTests.xctest */ = {isa = PBXFileReference; explicitFileType = wrapper.cfbundle; includeInIndex = 0; path = RickAndMortyTests.xctest; sourceTree = BUILT_PRODUCTS_DIR; };
		105A99312A714A9100C83A99 /* NetworkManagerTests.swift */ = {isa = PBXFileReference; lastKnownFileType = sourcecode.swift; path = NetworkManagerTests.swift; sourceTree = "<group>"; };
		105A99332A714AA400C83A99 /* CharactersTests.swift */ = {isa = PBXFileReference; lastKnownFileType = sourcecode.swift; path = CharactersTests.swift; sourceTree = "<group>"; };
		105A99352A714AB700C83A99 /* EpisodesTests.swift */ = {isa = PBXFileReference; lastKnownFileType = sourcecode.swift; path = EpisodesTests.swift; sourceTree = "<group>"; };
		105A99392A715DBC00C83A99 /* ErrorHandling.swift */ = {isa = PBXFileReference; lastKnownFileType = sourcecode.swift; path = ErrorHandling.swift; sourceTree = "<group>"; };
		105A993B2A7162BB00C83A99 /* CreditsView.swift */ = {isa = PBXFileReference; lastKnownFileType = sourcecode.swift; path = CreditsView.swift; sourceTree = "<group>"; };
		105A993D2A71637200C83A99 /* Info.plist */ = {isa = PBXFileReference; lastKnownFileType = text.plist; path = Info.plist; sourceTree = "<group>"; };
/* End PBXFileReference section */

/* Begin PBXFrameworksBuildPhase section */
		100D8D982A6E796500E38839 /* Frameworks */ = {
			isa = PBXFrameworksBuildPhase;
			buildActionMask = 2147483647;
			files = (
			);
			runOnlyForDeploymentPostprocessing = 0;
		};
		105A99222A71462200C83A99 /* Frameworks */ = {
			isa = PBXFrameworksBuildPhase;
			buildActionMask = 2147483647;
			files = (
			);
			runOnlyForDeploymentPostprocessing = 0;
		};
/* End PBXFrameworksBuildPhase section */

/* Begin PBXGroup section */
		100D8D922A6E796500E38839 = {
			isa = PBXGroup;
			children = (
				100D8D9D2A6E796500E38839 /* RickAndMorty */,
				105A99262A71462200C83A99 /* RickAndMortyTests */,
				100D8D9C2A6E796500E38839 /* Products */,
			);
			sourceTree = "<group>";
		};
		100D8D9C2A6E796500E38839 /* Products */ = {
			isa = PBXGroup;
			children = (
				100D8D9B2A6E796500E38839 /* RickAndMorty.app */,
				105A99252A71462200C83A99 /* RickAndMortyTests.xctest */,
			);
			name = Products;
			sourceTree = "<group>";
		};
		100D8D9D2A6E796500E38839 /* RickAndMorty */ = {
			isa = PBXGroup;
			children = (
				105A993D2A71637200C83A99 /* Info.plist */,
				100D8DC52A6E9E5F00E38839 /* Components */,
				100D8DAC2A6E7C6E00E38839 /* View */,
				100D8DAE2A6E7C8400E38839 /* Data */,
				100D8DB92A6E84E500E38839 /* Networking */,
				100D8DD72A6EBFB600E38839 /* Navigation */,
				100D8DBA2A6E880600E38839 /* Utils */,
				100D8DA22A6E796700E38839 /* Assets.xcassets */,
				100D8DA42A6E796700E38839 /* Preview Content */,
			);
			path = RickAndMorty;
			sourceTree = "<group>";
		};
		100D8DA42A6E796700E38839 /* Preview Content */ = {
			isa = PBXGroup;
			children = (
				100D8DA52A6E796700E38839 /* Preview Assets.xcassets */,
			);
			path = "Preview Content";
			sourceTree = "<group>";
		};
		100D8DAC2A6E7C6E00E38839 /* View */ = {
			isa = PBXGroup;
			children = (
				100D8D9E2A6E796500E38839 /* RickAndMortyApp.swift */,
				100D8DDE2A6ED6FC00E38839 /* Home */,
				100D8DDF2A6ED71400E38839 /* Detail */,
			);
			path = View;
			sourceTree = "<group>";
		};
		100D8DAD2A6E7C7800E38839 /* Model */ = {
			isa = PBXGroup;
			children = (
				100D8DD82A6EC0A100E38839 /* Episodes.swift */,
				100D8DDA2A6EC0B900E38839 /* Characters.swift */,
				100D8DE52A6FBF1400E38839 /* Results.swift */,
			);
			path = Model;
			sourceTree = "<group>";
		};
		100D8DAE2A6E7C8400E38839 /* Data */ = {
			isa = PBXGroup;
			children = (
				100D8DAD2A6E7C7800E38839 /* Model */,
				100D8DE02A6FB34300E38839 /* ViewModel */,
			);
			path = Data;
			sourceTree = "<group>";
		};
		100D8DB92A6E84E500E38839 /* Networking */ = {
			isa = PBXGroup;
			children = (
				100D8DBD2A6E8FD400E38839 /* NetworkManager.swift */,
				105A99392A715DBC00C83A99 /* ErrorHandling.swift */,
			);
			path = Networking;
			sourceTree = "<group>";
		};
		100D8DBA2A6E880600E38839 /* Utils */ = {
			isa = PBXGroup;
			children = (
				100D8DBB2A6E883A00E38839 /* ImageLoader.swift */,
				100D8DBF2A6E9BDD00E38839 /* ColorExtension.swift */,
				100D8DED2A6FE10600E38839 /* SampleData.swift */,
				105A99152A71257100C83A99 /* Date+Utils.swift */,
				100D8DCC2A6EB08900E38839 /* Modifiers */,
			);
			path = Utils;
			sourceTree = "<group>";
		};
		100D8DC52A6E9E5F00E38839 /* Components */ = {
			isa = PBXGroup;
			children = (
				100D8DC62A6E9E7500E38839 /* CharacterCardBackground.swift */,
				100D8DC82A6E9E9E00E38839 /* CharacterCardView.swift */,
				100D8DF52A71041900E38839 /* CustomAdaptiveBackground.swift */,
				100D8DCA2A6E9ED100E38839 /* CustomButtonView.swift */,
				100D8DF12A70041700E38839 /* CustomNavigationBar.swift */,
				100D8DF32A70047600E38839 /* CustomNavigationBarHeader.swift */,
				100D8DD52A6EB2F900E38839 /* EpisodeListRow.swift */,
				105A991B2A71348400C83A99 /* CharacterDetailGrid.swift */,
				105A993B2A7162BB00C83A99 /* CreditsView.swift */,
			);
			path = Components;
			sourceTree = "<group>";
		};
		100D8DCC2A6EB08900E38839 /* Modifiers */ = {
			isa = PBXGroup;
			children = (
				100D8DE92A6FDA4700E38839 /* BoldTextModifier.swift */,
				100D8DCF2A6EB0D200E38839 /* CenterModifier.swift */,
				100D8DD12A6EB17400E38839 /* DescriptionTextModifier.swift */,
				100D8DCD2A6EB0AA00E38839 /* HeaderTextModifier.swift */,
				100D8DEB2A6FDCA100E38839 /* HeadlineTextModifier.swift */,
				105A99192A71343F00C83A99 /* IconModifier.swift */,
				105A991D2A713C4A00C83A99 /* NavigationBarStyleModifier.swift */,
			);
			name = Modifiers;
			sourceTree = "<group>";
		};
		100D8DD72A6EBFB600E38839 /* Navigation */ = {
			isa = PBXGroup;
			children = (
				100D8DEF2A6FE94100E38839 /* Router.swift */,
			);
			path = Navigation;
			sourceTree = "<group>";
		};
		100D8DDE2A6ED6FC00E38839 /* Home */ = {
			isa = PBXGroup;
			children = (
				100D8DAF2A6E801700E38839 /* AppView.swift */,
				100D8DA02A6E796500E38839 /* ContentView.swift */,
				100D8DB32A6E819100E38839 /* EpisodesView.swift */,
				100D8DB52A6E81A400E38839 /* AliveCharactersView.swift */,
				100D8DB72A6E81B900E38839 /* DeadCharactersView.swift */,
			);
			path = Home;
			sourceTree = "<group>";
		};
		100D8DDF2A6ED71400E38839 /* Detail */ = {
			isa = PBXGroup;
			children = (
				100D8DDC2A6EC64F00E38839 /* EpisodeDetailView.swift */,
				100D8DE72A6FD2D200E38839 /* CharacterDetailView.swift */,
			);
			path = Detail;
			sourceTree = "<group>";
		};
		100D8DE02A6FB34300E38839 /* ViewModel */ = {
			isa = PBXGroup;
			children = (
				100D8DE12A6FB3B100E38839 /* ViewModel.swift */,
			);
			path = ViewModel;
			sourceTree = "<group>";
		};
		105A99262A71462200C83A99 /* RickAndMortyTests */ = {
			isa = PBXGroup;
			children = (
				105A99302A714A3F00C83A99 /* NetworkManager */,
				105A992F2A714A3700C83A99 /* Characters */,
				105A992E2A714A2B00C83A99 /* Episodes */,
			);
			path = RickAndMortyTests;
			sourceTree = "<group>";
		};
		105A992E2A714A2B00C83A99 /* Episodes */ = {
			isa = PBXGroup;
			children = (
				105A99352A714AB700C83A99 /* EpisodesTests.swift */,
			);
			path = Episodes;
			sourceTree = "<group>";
		};
		105A992F2A714A3700C83A99 /* Characters */ = {
			isa = PBXGroup;
			children = (
				105A99332A714AA400C83A99 /* CharactersTests.swift */,
			);
			path = Characters;
			sourceTree = "<group>";
		};
		105A99302A714A3F00C83A99 /* NetworkManager */ = {
			isa = PBXGroup;
			children = (
				105A99312A714A9100C83A99 /* NetworkManagerTests.swift */,
			);
			path = NetworkManager;
			sourceTree = "<group>";
		};
/* End PBXGroup section */

/* Begin PBXNativeTarget section */
		100D8D9A2A6E796500E38839 /* RickAndMorty */ = {
			isa = PBXNativeTarget;
			buildConfigurationList = 100D8DA92A6E796700E38839 /* Build configuration list for PBXNativeTarget "RickAndMorty" */;
			buildPhases = (
				100D8D972A6E796500E38839 /* Sources */,
				100D8D982A6E796500E38839 /* Frameworks */,
				100D8D992A6E796500E38839 /* Resources */,
			);
			buildRules = (
			);
			dependencies = (
			);
			name = RickAndMorty;
			productName = RickAndMorty;
			productReference = 100D8D9B2A6E796500E38839 /* RickAndMorty.app */;
			productType = "com.apple.product-type.application";
		};
		105A99242A71462200C83A99 /* RickAndMortyTests */ = {
			isa = PBXNativeTarget;
			buildConfigurationList = 105A992B2A71462200C83A99 /* Build configuration list for PBXNativeTarget "RickAndMortyTests" */;
			buildPhases = (
				105A99212A71462200C83A99 /* Sources */,
				105A99222A71462200C83A99 /* Frameworks */,
				105A99232A71462200C83A99 /* Resources */,
			);
			buildRules = (
			);
			dependencies = (
				105A992A2A71462200C83A99 /* PBXTargetDependency */,
			);
			name = RickAndMortyTests;
			productName = RickAndMortyTests;
			productReference = 105A99252A71462200C83A99 /* RickAndMortyTests.xctest */;
			productType = "com.apple.product-type.bundle.unit-test";
		};
/* End PBXNativeTarget section */

/* Begin PBXProject section */
		100D8D932A6E796500E38839 /* Project object */ = {
			isa = PBXProject;
			attributes = {
				BuildIndependentTargetsInParallel = 1;
				LastSwiftUpdateCheck = 1430;
				LastUpgradeCheck = 1430;
				TargetAttributes = {
					100D8D9A2A6E796500E38839 = {
						CreatedOnToolsVersion = 14.3.1;
					};
					105A99242A71462200C83A99 = {
						CreatedOnToolsVersion = 14.3.1;
						LastSwiftMigration = 1430;
						TestTargetID = 100D8D9A2A6E796500E38839;
					};
				};
			};
			buildConfigurationList = 100D8D962A6E796500E38839 /* Build configuration list for PBXProject "RickAndMorty" */;
			compatibilityVersion = "Xcode 14.0";
			developmentRegion = en;
			hasScannedForEncodings = 0;
			knownRegions = (
				en,
				Base,
			);
			mainGroup = 100D8D922A6E796500E38839;
			productRefGroup = 100D8D9C2A6E796500E38839 /* Products */;
			projectDirPath = "";
			projectRoot = "";
			targets = (
				100D8D9A2A6E796500E38839 /* RickAndMorty */,
				105A99242A71462200C83A99 /* RickAndMortyTests */,
			);
		};
/* End PBXProject section */

/* Begin PBXResourcesBuildPhase section */
		100D8D992A6E796500E38839 /* Resources */ = {
			isa = PBXResourcesBuildPhase;
			buildActionMask = 2147483647;
			files = (
				100D8DA62A6E796700E38839 /* Preview Assets.xcassets in Resources */,
				100D8DA32A6E796700E38839 /* Assets.xcassets in Resources */,
			);
			runOnlyForDeploymentPostprocessing = 0;
		};
		105A99232A71462200C83A99 /* Resources */ = {
			isa = PBXResourcesBuildPhase;
			buildActionMask = 2147483647;
			files = (
			);
			runOnlyForDeploymentPostprocessing = 0;
		};
/* End PBXResourcesBuildPhase section */

/* Begin PBXSourcesBuildPhase section */
		100D8D972A6E796500E38839 /* Sources */ = {
			isa = PBXSourcesBuildPhase;
			buildActionMask = 2147483647;
			files = (
				100D8DDB2A6EC0B900E38839 /* Characters.swift in Sources */,
				100D8DD62A6EB2F900E38839 /* EpisodeListRow.swift in Sources */,
				100D8DA12A6E796500E38839 /* ContentView.swift in Sources */,
				105A993A2A715DBC00C83A99 /* ErrorHandling.swift in Sources */,
				100D8DF02A6FE94100E38839 /* Router.swift in Sources */,
				100D8DC72A6E9E7500E38839 /* CharacterCardBackground.swift in Sources */,
				100D8DEC2A6FDCA100E38839 /* HeadlineTextModifier.swift in Sources */,
				105A991A2A71343F00C83A99 /* IconModifier.swift in Sources */,
				105A993C2A7162BB00C83A99 /* CreditsView.swift in Sources */,
				100D8D9F2A6E796500E38839 /* RickAndMortyApp.swift in Sources */,
				100D8DEE2A6FE10600E38839 /* SampleData.swift in Sources */,
				100D8DCE2A6EB0AA00E38839 /* HeaderTextModifier.swift in Sources */,
				100D8DB82A6E81B900E38839 /* DeadCharactersView.swift in Sources */,
				100D8DB02A6E801700E38839 /* AppView.swift in Sources */,
				100D8DD92A6EC0A100E38839 /* Episodes.swift in Sources */,
				100D8DE62A6FBF1400E38839 /* Results.swift in Sources */,
				100D8DCB2A6E9ED100E38839 /* CustomButtonView.swift in Sources */,
				100D8DEA2A6FDA4700E38839 /* BoldTextModifier.swift in Sources */,
				105A991E2A713C4A00C83A99 /* NavigationBarStyleModifier.swift in Sources */,
				100D8DE82A6FD2D200E38839 /* CharacterDetailView.swift in Sources */,
				100D8DC92A6E9E9E00E38839 /* CharacterCardView.swift in Sources */,
				100D8DB62A6E81A400E38839 /* AliveCharactersView.swift in Sources */,
				100D8DDD2A6EC64F00E38839 /* EpisodeDetailView.swift in Sources */,
				100D8DF62A71041900E38839 /* CustomAdaptiveBackground.swift in Sources */,
				100D8DF42A70047600E38839 /* CustomNavigationBarHeader.swift in Sources */,
				100D8DF22A70041700E38839 /* CustomNavigationBar.swift in Sources */,
				100D8DBC2A6E883A00E38839 /* ImageLoader.swift in Sources */,
				100D8DD22A6EB17400E38839 /* DescriptionTextModifier.swift in Sources */,
				100D8DBE2A6E8FD400E38839 /* NetworkManager.swift in Sources */,
				105A991C2A71348400C83A99 /* CharacterDetailGrid.swift in Sources */,
				105A99162A71257100C83A99 /* Date+Utils.swift in Sources */,
				100D8DB42A6E819100E38839 /* EpisodesView.swift in Sources */,
				100D8DC02A6E9BDD00E38839 /* ColorExtension.swift in Sources */,
				100D8DD02A6EB0D200E38839 /* CenterModifier.swift in Sources */,
				100D8DE22A6FB3B100E38839 /* ViewModel.swift in Sources */,
			);
			runOnlyForDeploymentPostprocessing = 0;
		};
		105A99212A71462200C83A99 /* Sources */ = {
			isa = PBXSourcesBuildPhase;
			buildActionMask = 2147483647;
			files = (
				105A99322A714A9100C83A99 /* NetworkManagerTests.swift in Sources */,
				105A99342A714AA400C83A99 /* CharactersTests.swift in Sources */,
				105A99362A714AB700C83A99 /* EpisodesTests.swift in Sources */,
			);
			runOnlyForDeploymentPostprocessing = 0;
		};
/* End PBXSourcesBuildPhase section */

/* Begin PBXTargetDependency section */
		105A992A2A71462200C83A99 /* PBXTargetDependency */ = {
			isa = PBXTargetDependency;
			target = 100D8D9A2A6E796500E38839 /* RickAndMorty */;
			targetProxy = 105A99292A71462200C83A99 /* PBXContainerItemProxy */;
		};
/* End PBXTargetDependency section */

/* Begin XCBuildConfiguration section */
		100D8DA72A6E796700E38839 /* Debug */ = {
			isa = XCBuildConfiguration;
			buildSettings = {
				ALWAYS_SEARCH_USER_PATHS = NO;
				CLANG_ANALYZER_NONNULL = YES;
				CLANG_ANALYZER_NUMBER_OBJECT_CONVERSION = YES_AGGRESSIVE;
				CLANG_CXX_LANGUAGE_STANDARD = "gnu++20";
				CLANG_ENABLE_MODULES = YES;
				CLANG_ENABLE_OBJC_ARC = YES;
				CLANG_ENABLE_OBJC_WEAK = YES;
				CLANG_WARN_BLOCK_CAPTURE_AUTORELEASING = YES;
				CLANG_WARN_BOOL_CONVERSION = YES;
				CLANG_WARN_COMMA = YES;
				CLANG_WARN_CONSTANT_CONVERSION = YES;
				CLANG_WARN_DEPRECATED_OBJC_IMPLEMENTATIONS = YES;
				CLANG_WARN_DIRECT_OBJC_ISA_USAGE = YES_ERROR;
				CLANG_WARN_DOCUMENTATION_COMMENTS = YES;
				CLANG_WARN_EMPTY_BODY = YES;
				CLANG_WARN_ENUM_CONVERSION = YES;
				CLANG_WARN_INFINITE_RECURSION = YES;
				CLANG_WARN_INT_CONVERSION = YES;
				CLANG_WARN_NON_LITERAL_NULL_CONVERSION = YES;
				CLANG_WARN_OBJC_IMPLICIT_RETAIN_SELF = YES;
				CLANG_WARN_OBJC_LITERAL_CONVERSION = YES;
				CLANG_WARN_OBJC_ROOT_CLASS = YES_ERROR;
				CLANG_WARN_QUOTED_INCLUDE_IN_FRAMEWORK_HEADER = YES;
				CLANG_WARN_RANGE_LOOP_ANALYSIS = YES;
				CLANG_WARN_STRICT_PROTOTYPES = YES;
				CLANG_WARN_SUSPICIOUS_MOVE = YES;
				CLANG_WARN_UNGUARDED_AVAILABILITY = YES_AGGRESSIVE;
				CLANG_WARN_UNREACHABLE_CODE = YES;
				CLANG_WARN__DUPLICATE_METHOD_MATCH = YES;
				COPY_PHASE_STRIP = NO;
				DEBUG_INFORMATION_FORMAT = dwarf;
				ENABLE_STRICT_OBJC_MSGSEND = YES;
				ENABLE_TESTABILITY = YES;
				GCC_C_LANGUAGE_STANDARD = gnu11;
				GCC_DYNAMIC_NO_PIC = NO;
				GCC_NO_COMMON_BLOCKS = YES;
				GCC_OPTIMIZATION_LEVEL = 0;
				GCC_PREPROCESSOR_DEFINITIONS = (
					"DEBUG=1",
					"$(inherited)",
				);
				GCC_WARN_64_TO_32_BIT_CONVERSION = YES;
				GCC_WARN_ABOUT_RETURN_TYPE = YES_ERROR;
				GCC_WARN_UNDECLARED_SELECTOR = YES;
				GCC_WARN_UNINITIALIZED_AUTOS = YES_AGGRESSIVE;
				GCC_WARN_UNUSED_FUNCTION = YES;
				GCC_WARN_UNUSED_VARIABLE = YES;
				IPHONEOS_DEPLOYMENT_TARGET = 16.4;
				MTL_ENABLE_DEBUG_INFO = INCLUDE_SOURCE;
				MTL_FAST_MATH = YES;
				ONLY_ACTIVE_ARCH = YES;
				SDKROOT = iphoneos;
				SWIFT_ACTIVE_COMPILATION_CONDITIONS = DEBUG;
				SWIFT_OPTIMIZATION_LEVEL = "-Onone";
			};
			name = Debug;
		};
		100D8DA82A6E796700E38839 /* Release */ = {
			isa = XCBuildConfiguration;
			buildSettings = {
				ALWAYS_SEARCH_USER_PATHS = NO;
				CLANG_ANALYZER_NONNULL = YES;
				CLANG_ANALYZER_NUMBER_OBJECT_CONVERSION = YES_AGGRESSIVE;
				CLANG_CXX_LANGUAGE_STANDARD = "gnu++20";
				CLANG_ENABLE_MODULES = YES;
				CLANG_ENABLE_OBJC_ARC = YES;
				CLANG_ENABLE_OBJC_WEAK = YES;
				CLANG_WARN_BLOCK_CAPTURE_AUTORELEASING = YES;
				CLANG_WARN_BOOL_CONVERSION = YES;
				CLANG_WARN_COMMA = YES;
				CLANG_WARN_CONSTANT_CONVERSION = YES;
				CLANG_WARN_DEPRECATED_OBJC_IMPLEMENTATIONS = YES;
				CLANG_WARN_DIRECT_OBJC_ISA_USAGE = YES_ERROR;
				CLANG_WARN_DOCUMENTATION_COMMENTS = YES;
				CLANG_WARN_EMPTY_BODY = YES;
				CLANG_WARN_ENUM_CONVERSION = YES;
				CLANG_WARN_INFINITE_RECURSION = YES;
				CLANG_WARN_INT_CONVERSION = YES;
				CLANG_WARN_NON_LITERAL_NULL_CONVERSION = YES;
				CLANG_WARN_OBJC_IMPLICIT_RETAIN_SELF = YES;
				CLANG_WARN_OBJC_LITERAL_CONVERSION = YES;
				CLANG_WARN_OBJC_ROOT_CLASS = YES_ERROR;
				CLANG_WARN_QUOTED_INCLUDE_IN_FRAMEWORK_HEADER = YES;
				CLANG_WARN_RANGE_LOOP_ANALYSIS = YES;
				CLANG_WARN_STRICT_PROTOTYPES = YES;
				CLANG_WARN_SUSPICIOUS_MOVE = YES;
				CLANG_WARN_UNGUARDED_AVAILABILITY = YES_AGGRESSIVE;
				CLANG_WARN_UNREACHABLE_CODE = YES;
				CLANG_WARN__DUPLICATE_METHOD_MATCH = YES;
				COPY_PHASE_STRIP = NO;
				DEBUG_INFORMATION_FORMAT = "dwarf-with-dsym";
				ENABLE_NS_ASSERTIONS = NO;
				ENABLE_STRICT_OBJC_MSGSEND = YES;
				GCC_C_LANGUAGE_STANDARD = gnu11;
				GCC_NO_COMMON_BLOCKS = YES;
				GCC_WARN_64_TO_32_BIT_CONVERSION = YES;
				GCC_WARN_ABOUT_RETURN_TYPE = YES_ERROR;
				GCC_WARN_UNDECLARED_SELECTOR = YES;
				GCC_WARN_UNINITIALIZED_AUTOS = YES_AGGRESSIVE;
				GCC_WARN_UNUSED_FUNCTION = YES;
				GCC_WARN_UNUSED_VARIABLE = YES;
				IPHONEOS_DEPLOYMENT_TARGET = 16.4;
				MTL_ENABLE_DEBUG_INFO = NO;
				MTL_FAST_MATH = YES;
				SDKROOT = iphoneos;
				SWIFT_COMPILATION_MODE = wholemodule;
				SWIFT_OPTIMIZATION_LEVEL = "-O";
				VALIDATE_PRODUCT = YES;
			};
			name = Release;
		};
		100D8DAA2A6E796700E38839 /* Debug */ = {
			isa = XCBuildConfiguration;
			buildSettings = {
				ASSETCATALOG_COMPILER_APPICON_NAME = AppIcon;
				ASSETCATALOG_COMPILER_GLOBAL_ACCENT_COLOR_NAME = AccentColor;
				CODE_SIGN_STYLE = Automatic;
				CURRENT_PROJECT_VERSION = 1;
				DEVELOPMENT_ASSET_PATHS = "\"RickAndMorty/Preview Content\"";
				DEVELOPMENT_TEAM = 4MD5T682WB;
				ENABLE_PREVIEWS = YES;
				GENERATE_INFOPLIST_FILE = YES;
				INFOPLIST_FILE = RickAndMorty/Info.plist;
				INFOPLIST_KEY_LSApplicationCategoryType = "public.app-category.entertainment";
				INFOPLIST_KEY_UIApplicationSceneManifest_Generation = YES;
				INFOPLIST_KEY_UIApplicationSupportsIndirectInputEvents = YES;
				INFOPLIST_KEY_UISupportedInterfaceOrientations_iPad = "UIInterfaceOrientationPortrait UIInterfaceOrientationPortraitUpsideDown UIInterfaceOrientationLandscapeLeft UIInterfaceOrientationLandscapeRight";
				INFOPLIST_KEY_UISupportedInterfaceOrientations_iPhone = "UIInterfaceOrientationPortrait UIInterfaceOrientationLandscapeLeft UIInterfaceOrientationLandscapeRight";
				IPHONEOS_DEPLOYMENT_TARGET = 16.0;
				LD_RUNPATH_SEARCH_PATHS = (
					"$(inherited)",
					"@executable_path/Frameworks",
				);
				MARKETING_VERSION = 1.0;
				PRODUCT_BUNDLE_IDENTIFIER = pl.theosoft.RickAndMorty;
				PRODUCT_NAME = "$(TARGET_NAME)";
				SUPPORTED_PLATFORMS = "iphoneos iphonesimulator";
				SUPPORTS_MACCATALYST = NO;
				SUPPORTS_MAC_DESIGNED_FOR_IPHONE_IPAD = NO;
				SWIFT_EMIT_LOC_STRINGS = YES;
				SWIFT_VERSION = 5.0;
				TARGETED_DEVICE_FAMILY = "1,2";
			};
			name = Debug;
		};
		100D8DAB2A6E796700E38839 /* Release */ = {
			isa = XCBuildConfiguration;
			buildSettings = {
				ASSETCATALOG_COMPILER_APPICON_NAME = AppIcon;
				ASSETCATALOG_COMPILER_GLOBAL_ACCENT_COLOR_NAME = AccentColor;
				CODE_SIGN_STYLE = Automatic;
				CURRENT_PROJECT_VERSION = 1;
				DEVELOPMENT_ASSET_PATHS = "\"RickAndMorty/Preview Content\"";
				DEVELOPMENT_TEAM = 4MD5T682WB;
				ENABLE_PREVIEWS = YES;
				GENERATE_INFOPLIST_FILE = YES;
				INFOPLIST_FILE = RickAndMorty/Info.plist;
				INFOPLIST_KEY_LSApplicationCategoryType = "public.app-category.entertainment";
				INFOPLIST_KEY_UIApplicationSceneManifest_Generation = YES;
				INFOPLIST_KEY_UIApplicationSupportsIndirectInputEvents = YES;
				INFOPLIST_KEY_UISupportedInterfaceOrientations_iPad = "UIInterfaceOrientationPortrait UIInterfaceOrientationPortraitUpsideDown UIInterfaceOrientationLandscapeLeft UIInterfaceOrientationLandscapeRight";
				INFOPLIST_KEY_UISupportedInterfaceOrientations_iPhone = "UIInterfaceOrientationPortrait UIInterfaceOrientationLandscapeLeft UIInterfaceOrientationLandscapeRight";
				IPHONEOS_DEPLOYMENT_TARGET = 16.0;
				LD_RUNPATH_SEARCH_PATHS = (
					"$(inherited)",
					"@executable_path/Frameworks",
				);
				MARKETING_VERSION = 1.0;
				PRODUCT_BUNDLE_IDENTIFIER = pl.theosoft.RickAndMorty;
				PRODUCT_NAME = "$(TARGET_NAME)";
				SUPPORTED_PLATFORMS = "iphoneos iphonesimulator";
				SUPPORTS_MACCATALYST = NO;
				SUPPORTS_MAC_DESIGNED_FOR_IPHONE_IPAD = NO;
				SWIFT_EMIT_LOC_STRINGS = YES;
				SWIFT_VERSION = 5.0;
				TARGETED_DEVICE_FAMILY = "1,2";
			};
			name = Release;
		};
		105A992C2A71462200C83A99 /* Debug */ = {
			isa = XCBuildConfiguration;
			buildSettings = {
				BUNDLE_LOADER = "$(TEST_HOST)";
				CLANG_ENABLE_MODULES = YES;
				CODE_SIGN_STYLE = Automatic;
				CURRENT_PROJECT_VERSION = 1;
				DEVELOPMENT_TEAM = 4MD5T682WB;
				GENERATE_INFOPLIST_FILE = YES;
				IPHONEOS_DEPLOYMENT_TARGET = 16.0;
				MARKETING_VERSION = 1.0;
				PRODUCT_BUNDLE_IDENTIFIER = pl.theosoft.RickAndMortyTests;
				PRODUCT_NAME = "$(TARGET_NAME)";
				SUPPORTED_PLATFORMS = "iphoneos iphonesimulator";
				SUPPORTS_MACCATALYST = NO;
				SUPPORTS_MAC_DESIGNED_FOR_IPHONE_IPAD = NO;
				SWIFT_EMIT_LOC_STRINGS = NO;
				SWIFT_OPTIMIZATION_LEVEL = "-Onone";
				SWIFT_VERSION = 5.0;
				TARGETED_DEVICE_FAMILY = "1,2";
				TEST_HOST = "$(BUILT_PRODUCTS_DIR)/RickAndMorty.app/$(BUNDLE_EXECUTABLE_FOLDER_PATH)/RickAndMorty";
			};
			name = Debug;
		};
		105A992D2A71462200C83A99 /* Release */ = {
			isa = XCBuildConfiguration;
			buildSettings = {
				BUNDLE_LOADER = "$(TEST_HOST)";
				CLANG_ENABLE_MODULES = YES;
				CODE_SIGN_STYLE = Automatic;
				CURRENT_PROJECT_VERSION = 1;
				DEVELOPMENT_TEAM = 4MD5T682WB;
				GENERATE_INFOPLIST_FILE = YES;
				IPHONEOS_DEPLOYMENT_TARGET = 16.0;
				MARKETING_VERSION = 1.0;
				PRODUCT_BUNDLE_IDENTIFIER = pl.theosoft.RickAndMortyTests;
				PRODUCT_NAME = "$(TARGET_NAME)";
				SUPPORTED_PLATFORMS = "iphoneos iphonesimulator";
				SUPPORTS_MACCATALYST = NO;
				SUPPORTS_MAC_DESIGNED_FOR_IPHONE_IPAD = NO;
				SWIFT_EMIT_LOC_STRINGS = NO;
				SWIFT_VERSION = 5.0;
				TARGETED_DEVICE_FAMILY = "1,2";
				TEST_HOST = "$(BUILT_PRODUCTS_DIR)/RickAndMorty.app/$(BUNDLE_EXECUTABLE_FOLDER_PATH)/RickAndMorty";
			};
			name = Release;
		};
/* End XCBuildConfiguration section */

/* Begin XCConfigurationList section */
		100D8D962A6E796500E38839 /* Build configuration list for PBXProject "RickAndMorty" */ = {
			isa = XCConfigurationList;
			buildConfigurations = (
				100D8DA72A6E796700E38839 /* Debug */,
				100D8DA82A6E796700E38839 /* Release */,
			);
			defaultConfigurationIsVisible = 0;
			defaultConfigurationName = Release;
		};
		100D8DA92A6E796700E38839 /* Build configuration list for PBXNativeTarget "RickAndMorty" */ = {
			isa = XCConfigurationList;
			buildConfigurations = (
				100D8DAA2A6E796700E38839 /* Debug */,
				100D8DAB2A6E796700E38839 /* Release */,
			);
			defaultConfigurationIsVisible = 0;
			defaultConfigurationName = Release;
		};
		105A992B2A71462200C83A99 /* Build configuration list for PBXNativeTarget "RickAndMortyTests" */ = {
			isa = XCConfigurationList;
			buildConfigurations = (
				105A992C2A71462200C83A99 /* Debug */,
				105A992D2A71462200C83A99 /* Release */,
			);
			defaultConfigurationIsVisible = 0;
			defaultConfigurationName = Release;
		};
/* End XCConfigurationList section */
	};
	rootObject = 100D8D932A6E796500E38839 /* Project object */;
}
